
Microsoft Visual Studio Solution File, Format Version 12.00
# Visual Studio Version 17
VisualStudioVersion = 17.11.35312.102
MinimumVisualStudioVersion = 10.0.40219.1
Project("{FAE04EC0-301F-11D3-BF4B-00C04F79EFBC}") = "FirstDotNet", "FirstDotNet.csproj", "{58DD60B1-6A63-44B3-BA5E-1F956F9F6BAE}"
EndProject
Global
	GlobalSection(SolutionConfigurationPlatforms) = preSolution
		Debug|Any CPU = Debug|Any CPU
		Release|Any CPU = Release|Any CPU
	EndGlobalSection
	GlobalSection(ProjectConfigurationPlatforms) = postSolution
		{58DD60B1-6A63-44B3-BA5E-1F956F9F6BAE}.Debug|Any CPU.ActiveCfg = Debug|Any CPU
		{58DD60B1-6A63-44B3-BA5E-1F956F9F6BAE}.Debug|Any CPU.Build.0 = Debug|Any CPU
		{58DD60B1-6A63-44B3-BA5E-1F956F9F6BAE}.Release|Any CPU.ActiveCfg = Release|Any CPU
		{58DD60B1-6A63-44B3-BA5E-1F956F9F6BAE}.Release|Any CPU.Build.0 = Release|Any CPU
	EndGlobalSection
	GlobalSection(SolutionProperties) = preSolution
		HideSolutionNode = FALSE
	EndGlobalSection
	GlobalSection(ExtensibilityGlobals) = postSolution
		SolutionGuid = {963375AA-9F7A-4630-903A-F0F0636C80E0}
	EndGlobalSection
EndGlobal
